<Solution>
  <Folder Name="/misc/">
    <File Path="Directory.Build.props" />
    <File Path="Plugin.props" />
  </Folder>
  <Folder Name="/src/">
    <Project Path="Sparkitect.RiderPlugin\Sparkitect.RiderPlugin.csproj" />
    <Project Path="Sparkitect.RiderPlugin\Sparkitect.RiderPlugin.Rider.csproj" />
  </Folder>
</Solution>
